<Solution>
  <Folder Name="/CoreData/">
    <Project Path="src/Jukebox.DataAccess.Contracts/Jukebox.DataAccess.Contracts.csproj" />
    <Project Path="src/Jukebox.DataAccess.EntityFramework/Jukebox.DataAccess.EntityFramework.csproj" />
    <Project Path="src/Jukebox.DataAccess.Tests/JukeboxDataAccess.Tests.csproj" />
    <Project Path="src/Jukebox.DataAccess/Jukebox.DataAccess.csproj" />
  </Folder>
  <Folder Name="/Solution FIles/">
    <File Path="CHANGELOG.md" />
    <File Path="README.md" />
  </Folder>
</Solution>
